
Microsoft Visual Studio Solution File, Format Version 12.00
# Visual Studio Version 17
VisualStudioVersion = 17.10.35027.167
MinimumVisualStudioVersion = 10.0.40219.1
Project("{FAE04EC0-301F-11D3-BF4B-00C04F79EFBC}") = "WebApp.Server", "WebApp\WebApp.Server\WebApp.Server.csproj", "{3D82DFB9-CD5D-4D0C-BBAE-21400B52798D}"
EndProject
Project("{54A90642-561A-4BB1-A94E-469ADEE60C69}") = "webapp.client", "WebApp\webapp.client\webapp.client.esproj", "{380BE43E-C90F-465E-8781-49D4D4E3984E}"
EndProject
Global
	GlobalSection(SolutionConfigurationPlatforms) = preSolution
		Debug|Any CPU = Debug|Any CPU
		Release|Any CPU = Release|Any CPU
	EndGlobalSection
	GlobalSection(ProjectConfigurationPlatforms) = postSolution
		{3D82DFB9-CD5D-4D0C-BBAE-21400B52798D}.Debug|Any CPU.ActiveCfg = Debug|Any CPU
		{3D82DFB9-CD5D-4D0C-BBAE-21400B52798D}.Debug|Any CPU.Build.0 = Debug|Any CPU
		{3D82DFB9-CD5D-4D0C-BBAE-21400B52798D}.Release|Any CPU.ActiveCfg = Release|Any CPU
		{3D82DFB9-CD5D-4D0C-BBAE-21400B52798D}.Release|Any CPU.Build.0 = Release|Any CPU
		{380BE43E-C90F-465E-8781-49D4D4E3984E}.Debug|Any CPU.ActiveCfg = Debug|Any CPU
		{380BE43E-C90F-465E-8781-49D4D4E3984E}.Debug|Any CPU.Build.0 = Debug|Any CPU
		{380BE43E-C90F-465E-8781-49D4D4E3984E}.Debug|Any CPU.Deploy.0 = Debug|Any CPU
		{380BE43E-C90F-465E-8781-49D4D4E3984E}.Release|Any CPU.ActiveCfg = Release|Any CPU
		{380BE43E-C90F-465E-8781-49D4D4E3984E}.Release|Any CPU.Build.0 = Release|Any CPU
		{380BE43E-C90F-465E-8781-49D4D4E3984E}.Release|Any CPU.Deploy.0 = Release|Any CPU
	EndGlobalSection
	GlobalSection(SolutionProperties) = preSolution
		HideSolutionNode = FALSE
	EndGlobalSection
EndGlobal
